
Microsoft Visual Studio Solution File, Format Version 12.00
# Visual Studio Version 16
VisualStudioVersion = 16.0.31005.135
MinimumVisualStudioVersion = 10.0.40219.1
Project("{FAE04EC0-301F-11D3-BF4B-00C04F79EFBC}") = "ColorMathcingGame", "ColorMathcingGame\ColorMathcingGame.csproj", "{1D01C98B-E6C3-4B29-AFE6-9B9B79A85DD4}"
EndProject
Global
	GlobalSection(SolutionConfigurationPlatforms) = preSolution
		Debug|Any CPU = Debug|Any CPU
		Release|Any CPU = Release|Any CPU
	EndGlobalSection
	GlobalSection(ProjectConfigurationPlatforms) = postSolution
		{1D01C98B-E6C3-4B29-AFE6-9B9B79A85DD4}.Debug|Any CPU.ActiveCfg = Debug|Any CPU
		{1D01C98B-E6C3-4B29-AFE6-9B9B79A85DD4}.Debug|Any CPU.Build.0 = Debug|Any CPU
		{1D01C98B-E6C3-4B29-AFE6-9B9B79A85DD4}.Release|Any CPU.ActiveCfg = Release|Any CPU
		{1D01C98B-E6C3-4B29-AFE6-9B9B79A85DD4}.Release|Any CPU.Build.0 = Release|Any CPU
	EndGlobalSection
	GlobalSection(SolutionProperties) = preSolution
		HideSolutionNode = FALSE
	EndGlobalSection
	GlobalSection(ExtensibilityGlobals) = postSolution
		SolutionGuid = {1296B786-4BE0-4D10-9630-1C1B446A3B84}
	EndGlobalSection
EndGlobal
